
Microsoft Visual Studio Solution File, Format Version 12.00
# Visual Studio Version 16
VisualStudioVersion = 16.0.32002.261
MinimumVisualStudioVersion = 10.0.40219.1
Project("{FAE04EC0-301F-11D3-BF4B-00C04F79EFBC}") = "Dot Net Mini Project", "Dot Net Mini Project\Dot Net Mini Project.csproj", "{2FBF4405-5EFC-48C7-A31A-11596EEE4222}"
EndProject
Global
	GlobalSection(SolutionConfigurationPlatforms) = preSolution
		Debug|Any CPU = Debug|Any CPU
		Release|Any CPU = Release|Any CPU
	EndGlobalSection
	GlobalSection(ProjectConfigurationPlatforms) = postSolution
		{2FBF4405-5EFC-48C7-A31A-11596EEE4222}.Debug|Any CPU.ActiveCfg = Debug|Any CPU
		{2FBF4405-5EFC-48C7-A31A-11596EEE4222}.Debug|Any CPU.Build.0 = Debug|Any CPU
		{2FBF4405-5EFC-48C7-A31A-11596EEE4222}.Release|Any CPU.ActiveCfg = Release|Any CPU
		{2FBF4405-5EFC-48C7-A31A-11596EEE4222}.Release|Any CPU.Build.0 = Release|Any CPU
	EndGlobalSection
	GlobalSection(SolutionProperties) = preSolution
		HideSolutionNode = FALSE
	EndGlobalSection
	GlobalSection(ExtensibilityGlobals) = postSolution
		SolutionGuid = {25D5068B-2693-4F5C-95FF-F2897E6CF576}
	EndGlobalSection
EndGlobal
